{
  "nodes": {
    "home-manager": {
      "inputs": {
        "nixpkgs": [
          "nixpkgs"
        ]
      },
      "locked": {
        "lastModified": 1687473300,
        "narHash": "sha256-4LflQpktYFiub8xVhEN9EZf1cYsr09md01rBJZRCGCc=",
        "owner": "nix-community",
        "repo": "home-manager",
        "rev": "70ac18872a5f1a57a4546ff58888bf67a8bbb5b3",
        "type": "github"
      },
      "original": {
        "owner": "nix-community",
        "ref": "master",
        "repo": "home-manager",
        "type": "github"
      }
    },
    "nixpkgs": {
      "locked": {
        "lastModified": 1687488839,
        "narHash": "sha256-7JDjuyHwUvGJJge9jxfRJkuYyL5G5yipspc4J3HwjGA=",
        "owner": "nixos",
        "repo": "nixpkgs",
        "rev": "f9e94676ce6c7531c44d38da61d2669ebec0f603",
        "type": "github"
      },
      "original": {
        "owner": "nixos",
        "ref": "nixpkgs-unstable",
        "repo": "nixpkgs",
        "type": "github"
      }
    },
    "root": {
      "inputs": {
        "home-manager": "home-manager",
        "nixpkgs": "nixpkgs"
      }
    }
  },
  "root": "root",
  "version": 7
}
