{
  "nodes": {
    "home-manager": {
      "inputs": {
        "nixpkgs": [
          "nixpkgs"
        ]
      },
      "locked": {
        "lastModified": 1705879479,
        "narHash": "sha256-ZIohbyly1KOe+8I3gdyNKgVN/oifKdmeI0DzMfytbtg=",
        "owner": "nix-community",
        "repo": "home-manager",
        "rev": "2d47379ad591bcb14ca95a90b6964b8305f6c913",
        "type": "github"
      },
      "original": {
        "owner": "nix-community",
        "repo": "home-manager",
        "type": "github"
      }
    },
    "nixpkgs": {
      "locked": {
        "lastModified": 1705883077,
        "narHash": "sha256-ByzHHX3KxpU1+V0erFy8jpujTufimh6KaS/Iv3AciHk=",
        "owner": "nixos",
        "repo": "nixpkgs",
        "rev": "5f5210aa20e343b7e35f40c033000db0ef80d7b9",
        "type": "github"
      },
      "original": {
        "owner": "nixos",
        "ref": "nixpkgs-unstable",
        "repo": "nixpkgs",
        "type": "github"
      }
    },
    "root": {
      "inputs": {
        "home-manager": "home-manager",
        "nixpkgs": "nixpkgs"
      }
    }
  },
  "root": "root",
  "version": 7
}
